
Microsoft Visual Studio Solution File, Format Version 12.00
# Visual Studio Version 17
VisualStudioVersion = 17.9.34728.123
MinimumVisualStudioVersion = 10.0.40219.1
Project("{FAE04EC0-301F-11D3-BF4B-00C04F79EFBC}") = "Werewolf", "Werewolf.csproj", "{67E067D1-1A82-4032-9C4F-64143347DD72}"
EndProject
Global
	GlobalSection(SolutionConfigurationPlatforms) = preSolution
		Debug|Any CPU = Debug|Any CPU
		Release|Any CPU = Release|Any CPU
	EndGlobalSection
	GlobalSection(ProjectConfigurationPlatforms) = postSolution
		{67E067D1-1A82-4032-9C4F-64143347DD72}.Debug|Any CPU.ActiveCfg = Debug|Any CPU
		{67E067D1-1A82-4032-9C4F-64143347DD72}.Debug|Any CPU.Build.0 = Debug|Any CPU
		{67E067D1-1A82-4032-9C4F-64143347DD72}.Release|Any CPU.ActiveCfg = Release|Any CPU
		{67E067D1-1A82-4032-9C4F-64143347DD72}.Release|Any CPU.Build.0 = Release|Any CPU
	EndGlobalSection
	GlobalSection(SolutionProperties) = preSolution
		HideSolutionNode = FALSE
	EndGlobalSection
	GlobalSection(ExtensibilityGlobals) = postSolution
		SolutionGuid = {FD52BA18-9C94-459D-807C-BF07C2E65EF3}
	EndGlobalSection
EndGlobal
